{
  "name": "Blazor",
  "lockfileVersion": 2,
  "requires": true,
  "packages": {
    "": {
      "dependencies": {
        "purecss": "^2.1.0"
      }
    },
    "node_modules/purecss": {
      "version": "2.1.0",
      "resolved": "https://registry.npmjs.org/purecss/-/purecss-2.1.0.tgz",
      "integrity": "sha512-QIgWhat8QkHTXdejFJNwZuw0pZ7Mj0MHILHNz8sV6HZBfbWtHpW3b1+Q1D6W/9x4chFhaq9u4+Uk8YbwELzsXg=="
    }
  },
  "dependencies": {
    "purecss": {
      "version": "2.1.0",
      "resolved": "https://registry.npmjs.org/purecss/-/purecss-2.1.0.tgz",
      "integrity": "sha512-QIgWhat8QkHTXdejFJNwZuw0pZ7Mj0MHILHNz8sV6HZBfbWtHpW3b1+Q1D6W/9x4chFhaq9u4+Uk8YbwELzsXg=="
    }
  }
}
